
Microsoft Visual Studio Solution File, Format Version 12.00
# Visual Studio 15
VisualStudioVersion = 15.0.28010.2048
MinimumVisualStudioVersion = 10.0.40219.1
Project("{8BC9CEB8-8B4A-11D0-8D11-00A0C91BC942}") = "alderchess", "alderchess.vcxproj", "{DC34B2B0-C161-4C08-97A5-880914739D3E}"
EndProject
Project("{54435603-DBB4-11D2-8724-00A0C9A8B90C}") = "setup", "setup\setup.vdproj", "{E3DFD6D1-285E-4F96-AB0C-F98CB1AB01CA}"
EndProject
Global
	GlobalSection(SolutionConfigurationPlatforms) = preSolution
		Debug|x64 = Debug|x64
		Release|x64 = Release|x64
	EndGlobalSection
	GlobalSection(ProjectConfigurationPlatforms) = postSolution
		{DC34B2B0-C161-4C08-97A5-880914739D3E}.Debug|x64.ActiveCfg = Debug|x64
		{DC34B2B0-C161-4C08-97A5-880914739D3E}.Debug|x64.Build.0 = Debug|x64
		{DC34B2B0-C161-4C08-97A5-880914739D3E}.Release|x64.ActiveCfg = Release|x64
		{DC34B2B0-C161-4C08-97A5-880914739D3E}.Release|x64.Build.0 = Release|x64
		{E3DFD6D1-285E-4F96-AB0C-F98CB1AB01CA}.Debug|x64.ActiveCfg = Debug
		{E3DFD6D1-285E-4F96-AB0C-F98CB1AB01CA}.Release|x64.ActiveCfg = Release
		{E3DFD6D1-285E-4F96-AB0C-F98CB1AB01CA}.Release|x64.Build.0 = Release
	EndGlobalSection
	GlobalSection(SolutionProperties) = preSolution
		HideSolutionNode = FALSE
	EndGlobalSection
	GlobalSection(ExtensibilityGlobals) = postSolution
		SolutionGuid = {E966AE49-B4B6-4978-9256-AFFB83719ECB}
	EndGlobalSection
EndGlobal
